{
  "name": "@etchedjs/url",
  "version": "1.4.4",
  "lockfileVersion": 2,
  "requires": true,
  "packages": {
    "": {
      "name": "@etchedjs/url",
      "version": "1.4.4",
      "license": "MIT",
      "peerDependencies": {
        "@etchedjs/etched": "9.0.2",
        "@etchedjs/type": "3.1.6"
      }
    },
    "node_modules/@etchedjs/etched": {
      "version": "9.0.2",
      "resolved": "https://registry.npmjs.org/@etchedjs/etched/-/etched-9.0.2.tgz",
      "integrity": "sha512-268krwSR2gf0v6hZrkwPERstDD3Hdt5FWD0b3FV45LtyYb6IYFbnRxv2Ttm+R96TYSik9QC48/Cy9nQjIVoRlw==",
      "peer": true
    },
    "node_modules/@etchedjs/type": {
      "version": "3.1.6",
      "resolved": "https://registry.npmjs.org/@etchedjs/type/-/type-3.1.6.tgz",
      "integrity": "sha512-fQAw9yWKnD3bNRHgeqOyS5iIvUouFpAOIw5TWOrkpjUNCdVU0QT5Fy0v6WyKVGGg6tH7eeZPo7HC2QkOWG48iA==",
      "peer": true,
      "peerDependencies": {
        "@etchedjs/etched": "^9.0.2"
      }
    }
  },
  "dependencies": {
    "@etchedjs/etched": {
      "version": "9.0.2",
      "resolved": "https://registry.npmjs.org/@etchedjs/etched/-/etched-9.0.2.tgz",
      "integrity": "sha512-268krwSR2gf0v6hZrkwPERstDD3Hdt5FWD0b3FV45LtyYb6IYFbnRxv2Ttm+R96TYSik9QC48/Cy9nQjIVoRlw==",
      "peer": true
    },
    "@etchedjs/type": {
      "version": "3.1.6",
      "resolved": "https://registry.npmjs.org/@etchedjs/type/-/type-3.1.6.tgz",
      "integrity": "sha512-fQAw9yWKnD3bNRHgeqOyS5iIvUouFpAOIw5TWOrkpjUNCdVU0QT5Fy0v6WyKVGGg6tH7eeZPo7HC2QkOWG48iA==",
      "peer": true,
      "requires": {}
    }
  }
}
